// !$*UTF8*$!
{
	archiveVersion = 1;
	classes = {
	};
	objectVersion = 56;
	objects = {

/* Begin PBXBuildFile section */
		7759602429D2662100C1C8B4 /* AppDelegate.swift in Sources */ = {isa = PBXBuildFile; fileRef = 7759602329D2662100C1C8B4 /* AppDelegate.swift */; };
		7759602629D2662100C1C8B4 /* SceneDelegate.swift in Sources */ = {isa = PBXBuildFile; fileRef = 7759602529D2662100C1C8B4 /* SceneDelegate.swift */; };
		7759602829D2662100C1C8B4 /* SignInViewController.swift in Sources */ = {isa = PBXBuildFile; fileRef = 7759602729D2662100C1C8B4 /* SignInViewController.swift */; };
		7759602D29D2662300C1C8B4 /* Assets.xcassets in Resources */ = {isa = PBXBuildFile; fileRef = 7759602C29D2662300C1C8B4 /* Assets.xcassets */; };
		7759603029D2662300C1C8B4 /* LaunchScreen.storyboard in Resources */ = {isa = PBXBuildFile; fileRef = 7759602E29D2662300C1C8B4 /* LaunchScreen.storyboard */; };
		7759603C29D2AED000C1C8B4 /* RxCocoa in Frameworks */ = {isa = PBXBuildFile; productRef = 7759603B29D2AED000C1C8B4 /* RxCocoa */; };
		7759603E29D2AED000C1C8B4 /* RxSwift in Frameworks */ = {isa = PBXBuildFile; productRef = 7759603D29D2AED000C1C8B4 /* RxSwift */; };
		7759604129D2AEE000C1C8B4 /* SnapKit in Frameworks */ = {isa = PBXBuildFile; productRef = 7759604029D2AEE000C1C8B4 /* SnapKit */; };
		7759604429D2AEF100C1C8B4 /* RxFlow in Frameworks */ = {isa = PBXBuildFile; productRef = 7759604329D2AEF100C1C8B4 /* RxFlow */; };
		7759604729D2AF0100C1C8B4 /* Then in Frameworks */ = {isa = PBXBuildFile; productRef = 7759604629D2AF0100C1C8B4 /* Then */; };
		7759605229D2B04E00C1C8B4 /* MAStep.swift in Sources */ = {isa = PBXBuildFile; fileRef = 7759605129D2B04E00C1C8B4 /* MAStep.swift */; };
		7759605429D2B06400C1C8B4 /* AppFlow.swift in Sources */ = {isa = PBXBuildFile; fileRef = 7759605329D2B06400C1C8B4 /* AppFlow.swift */; };
		7759605829D2B61500C1C8B4 /* MainFlow.swift in Sources */ = {isa = PBXBuildFile; fileRef = 7759605729D2B61500C1C8B4 /* MainFlow.swift */; };
		7759605A29D2B64400C1C8B4 /* SignInViewModel.swift in Sources */ = {isa = PBXBuildFile; fileRef = 7759605929D2B64400C1C8B4 /* SignInViewModel.swift */; };
		7759605F29D2BAC600C1C8B4 /* BaseViewController.swift in Sources */ = {isa = PBXBuildFile; fileRef = 7759605E29D2BAC600C1C8B4 /* BaseViewController.swift */; };
		7759606129D2BAFB00C1C8B4 /* BaseViewModel.swift in Sources */ = {isa = PBXBuildFile; fileRef = 7759606029D2BAFB00C1C8B4 /* BaseViewModel.swift */; };
/* End PBXBuildFile section */

/* Begin PBXFileReference section */
		7759602029D2662100C1C8B4 /* msg-assignment.app */ = {isa = PBXFileReference; explicitFileType = wrapper.application; includeInIndex = 0; path = "msg-assignment.app"; sourceTree = BUILT_PRODUCTS_DIR; };
		7759602329D2662100C1C8B4 /* AppDelegate.swift */ = {isa = PBXFileReference; lastKnownFileType = sourcecode.swift; path = AppDelegate.swift; sourceTree = "<group>"; };
		7759602529D2662100C1C8B4 /* SceneDelegate.swift */ = {isa = PBXFileReference; lastKnownFileType = sourcecode.swift; path = SceneDelegate.swift; sourceTree = "<group>"; };
		7759602729D2662100C1C8B4 /* SignInViewController.swift */ = {isa = PBXFileReference; lastKnownFileType = sourcecode.swift; path = SignInViewController.swift; sourceTree = "<group>"; };
		7759602C29D2662300C1C8B4 /* Assets.xcassets */ = {isa = PBXFileReference; lastKnownFileType = folder.assetcatalog; path = Assets.xcassets; sourceTree = "<group>"; };
		7759602F29D2662300C1C8B4 /* Base */ = {isa = PBXFileReference; lastKnownFileType = file.storyboard; name = Base; path = Base.lproj/LaunchScreen.storyboard; sourceTree = "<group>"; };
		7759603129D2662300C1C8B4 /* Info.plist */ = {isa = PBXFileReference; lastKnownFileType = text.plist.xml; path = Info.plist; sourceTree = "<group>"; };
		7759605129D2B04E00C1C8B4 /* MAStep.swift */ = {isa = PBXFileReference; lastKnownFileType = sourcecode.swift; path = MAStep.swift; sourceTree = "<group>"; };
		7759605329D2B06400C1C8B4 /* AppFlow.swift */ = {isa = PBXFileReference; lastKnownFileType = sourcecode.swift; path = AppFlow.swift; sourceTree = "<group>"; };
		7759605729D2B61500C1C8B4 /* MainFlow.swift */ = {isa = PBXFileReference; lastKnownFileType = sourcecode.swift; path = MainFlow.swift; sourceTree = "<group>"; };
		7759605929D2B64400C1C8B4 /* SignInViewModel.swift */ = {isa = PBXFileReference; lastKnownFileType = sourcecode.swift; path = SignInViewModel.swift; sourceTree = "<group>"; };
		7759605E29D2BAC600C1C8B4 /* BaseViewController.swift */ = {isa = PBXFileReference; lastKnownFileType = sourcecode.swift; path = BaseViewController.swift; sourceTree = "<group>"; };
		7759606029D2BAFB00C1C8B4 /* BaseViewModel.swift */ = {isa = PBXFileReference; lastKnownFileType = sourcecode.swift; path = BaseViewModel.swift; sourceTree = "<group>"; };
/* End PBXFileReference section */

/* Begin PBXFrameworksBuildPhase section */
		7759601D29D2662100C1C8B4 /* Frameworks */ = {
			isa = PBXFrameworksBuildPhase;
			buildActionMask = 2147483647;
			files = (
				7759604729D2AF0100C1C8B4 /* Then in Frameworks */,
				7759604429D2AEF100C1C8B4 /* RxFlow in Frameworks */,
				7759604129D2AEE000C1C8B4 /* SnapKit in Frameworks */,
				7759603E29D2AED000C1C8B4 /* RxSwift in Frameworks */,
				7759603C29D2AED000C1C8B4 /* RxCocoa in Frameworks */,
			);
			runOnlyForDeploymentPostprocessing = 0;
		};
/* End PBXFrameworksBuildPhase section */

/* Begin PBXGroup section */
		7759601729D2662100C1C8B4 = {
			isa = PBXGroup;
			children = (
				7759602229D2662100C1C8B4 /* msg-assignment */,
				7759602129D2662100C1C8B4 /* Products */,
			);
			sourceTree = "<group>";
		};
		7759602129D2662100C1C8B4 /* Products */ = {
			isa = PBXGroup;
			children = (
				7759602029D2662100C1C8B4 /* msg-assignment.app */,
			);
			name = Products;
			sourceTree = "<group>";
		};
		7759602229D2662100C1C8B4 /* msg-assignment */ = {
			isa = PBXGroup;
			children = (
				7759604D29D2AFF800C1C8B4 /* Resources */,
				7759604829D2AF8700C1C8B4 /* Sources */,
				7759603129D2662300C1C8B4 /* Info.plist */,
			);
			path = "msg-assignment";
			sourceTree = "<group>";
		};
		7759604829D2AF8700C1C8B4 /* Sources */ = {
			isa = PBXGroup;
			children = (
				7759604E29D2B01400C1C8B4 /* Application */,
				7759604929D2AF9C00C1C8B4 /* Presentation */,
			);
			path = Sources;
			sourceTree = "<group>";
		};
		7759604929D2AF9C00C1C8B4 /* Presentation */ = {
			isa = PBXGroup;
			children = (
				7759605B29D2B67400C1C8B4 /* Base */,
				7759604A29D2AFAD00C1C8B4 /* SignIn */,
			);
			path = Presentation;
			sourceTree = "<group>";
		};
		7759604A29D2AFAD00C1C8B4 /* SignIn */ = {
			isa = PBXGroup;
			children = (
				7759604C29D2AFE300C1C8B4 /* ViewModel */,
				7759604B29D2AFDA00C1C8B4 /* View */,
			);
			path = SignIn;
			sourceTree = "<group>";
		};
		7759604B29D2AFDA00C1C8B4 /* View */ = {
			isa = PBXGroup;
			children = (
				7759602729D2662100C1C8B4 /* SignInViewController.swift */,
			);
			path = View;
			sourceTree = "<group>";
		};
		7759604C29D2AFE300C1C8B4 /* ViewModel */ = {
			isa = PBXGroup;
			children = (
				7759605929D2B64400C1C8B4 /* SignInViewModel.swift */,
			);
			path = ViewModel;
			sourceTree = "<group>";
		};
		7759604D29D2AFF800C1C8B4 /* Resources */ = {
			isa = PBXGroup;
			children = (
				7759602C29D2662300C1C8B4 /* Assets.xcassets */,
				7759602E29D2662300C1C8B4 /* LaunchScreen.storyboard */,
			);
			path = Resources;
			sourceTree = "<group>";
		};
		7759604E29D2B01400C1C8B4 /* Application */ = {
			isa = PBXGroup;
			children = (
				7759604F29D2B02500C1C8B4 /* Flow */,
			);
			path = Application;
			sourceTree = "<group>";
		};
		7759604F29D2B02500C1C8B4 /* Flow */ = {
			isa = PBXGroup;
			children = (
				7759602329D2662100C1C8B4 /* AppDelegate.swift */,
				7759602529D2662100C1C8B4 /* SceneDelegate.swift */,
				7759605329D2B06400C1C8B4 /* AppFlow.swift */,
				7759605029D2B03300C1C8B4 /* Step */,
				7759605529D2B07600C1C8B4 /* Flows */,
			);
			path = Flow;
			sourceTree = "<group>";
		};
		7759605029D2B03300C1C8B4 /* Step */ = {
			isa = PBXGroup;
			children = (
				7759605129D2B04E00C1C8B4 /* MAStep.swift */,
			);
			path = Step;
			sourceTree = "<group>";
		};
		7759605529D2B07600C1C8B4 /* Flows */ = {
			isa = PBXGroup;
			children = (
				7759605729D2B61500C1C8B4 /* MainFlow.swift */,
			);
			path = Flows;
			sourceTree = "<group>";
		};
		7759605B29D2B67400C1C8B4 /* Base */ = {
			isa = PBXGroup;
			children = (
				7759605D29D2B68200C1C8B4 /* ViewModel */,
				7759605C29D2B67E00C1C8B4 /* View */,
			);
			path = Base;
			sourceTree = "<group>";
		};
		7759605C29D2B67E00C1C8B4 /* View */ = {
			isa = PBXGroup;
			children = (
				7759605E29D2BAC600C1C8B4 /* BaseViewController.swift */,
			);
			path = View;
			sourceTree = "<group>";
		};
		7759605D29D2B68200C1C8B4 /* ViewModel */ = {
			isa = PBXGroup;
			children = (
				7759606029D2BAFB00C1C8B4 /* BaseViewModel.swift */,
			);
			path = ViewModel;
			sourceTree = "<group>";
		};
/* End PBXGroup section */

/* Begin PBXNativeTarget section */
		7759601F29D2662100C1C8B4 /* msg-assignment */ = {
			isa = PBXNativeTarget;
			buildConfigurationList = 7759603429D2662300C1C8B4 /* Build configuration list for PBXNativeTarget "msg-assignment" */;
			buildPhases = (
				7759601C29D2662100C1C8B4 /* Sources */,
				7759601D29D2662100C1C8B4 /* Frameworks */,
				7759601E29D2662100C1C8B4 /* Resources */,
			);
			buildRules = (
			);
			dependencies = (
			);
			name = "msg-assignment";
			packageProductDependencies = (
				7759603B29D2AED000C1C8B4 /* RxCocoa */,
				7759603D29D2AED000C1C8B4 /* RxSwift */,
				7759604029D2AEE000C1C8B4 /* SnapKit */,
				7759604329D2AEF100C1C8B4 /* RxFlow */,
				7759604629D2AF0100C1C8B4 /* Then */,
			);
			productName = "msg-assignment";
			productReference = 7759602029D2662100C1C8B4 /* msg-assignment.app */;
			productType = "com.apple.product-type.application";
		};
/* End PBXNativeTarget section */

/* Begin PBXProject section */
		7759601829D2662100C1C8B4 /* Project object */ = {
			isa = PBXProject;
			attributes = {
				BuildIndependentTargetsInParallel = 1;
				LastSwiftUpdateCheck = 1420;
				LastUpgradeCheck = 1420;
				TargetAttributes = {
					7759601F29D2662100C1C8B4 = {
						CreatedOnToolsVersion = 14.2;
					};
				};
			};
			buildConfigurationList = 7759601B29D2662100C1C8B4 /* Build configuration list for PBXProject "msg-assignment" */;
			compatibilityVersion = "Xcode 14.0";
			developmentRegion = en;
			hasScannedForEncodings = 0;
			knownRegions = (
				en,
				Base,
			);
			mainGroup = 7759601729D2662100C1C8B4;
			packageReferences = (
				7759603A29D2AED000C1C8B4 /* XCRemoteSwiftPackageReference "RxSwift" */,
				7759603F29D2AEE000C1C8B4 /* XCRemoteSwiftPackageReference "SnapKit" */,
				7759604229D2AEF100C1C8B4 /* XCRemoteSwiftPackageReference "RxFlow" */,
				7759604529D2AF0100C1C8B4 /* XCRemoteSwiftPackageReference "Then" */,
			);
			productRefGroup = 7759602129D2662100C1C8B4 /* Products */;
			projectDirPath = "";
			projectRoot = "";
			targets = (
				7759601F29D2662100C1C8B4 /* msg-assignment */,
			);
		};
/* End PBXProject section */

/* Begin PBXResourcesBuildPhase section */
		7759601E29D2662100C1C8B4 /* Resources */ = {
			isa = PBXResourcesBuildPhase;
			buildActionMask = 2147483647;
			files = (
				7759603029D2662300C1C8B4 /* LaunchScreen.storyboard in Resources */,
				7759602D29D2662300C1C8B4 /* Assets.xcassets in Resources */,
			);
			runOnlyForDeploymentPostprocessing = 0;
		};
/* End PBXResourcesBuildPhase section */

/* Begin PBXSourcesBuildPhase section */
		7759601C29D2662100C1C8B4 /* Sources */ = {
			isa = PBXSourcesBuildPhase;
			buildActionMask = 2147483647;
			files = (
				7759602829D2662100C1C8B4 /* SignInViewController.swift in Sources */,
				7759605A29D2B64400C1C8B4 /* SignInViewModel.swift in Sources */,
				7759605229D2B04E00C1C8B4 /* MAStep.swift in Sources */,
				7759602429D2662100C1C8B4 /* AppDelegate.swift in Sources */,
				7759605429D2B06400C1C8B4 /* AppFlow.swift in Sources */,
				7759606129D2BAFB00C1C8B4 /* BaseViewModel.swift in Sources */,
				7759605F29D2BAC600C1C8B4 /* BaseViewController.swift in Sources */,
				7759602629D2662100C1C8B4 /* SceneDelegate.swift in Sources */,
				7759605829D2B61500C1C8B4 /* MainFlow.swift in Sources */,
			);
			runOnlyForDeploymentPostprocessing = 0;
		};
/* End PBXSourcesBuildPhase section */

/* Begin PBXVariantGroup section */
		7759602E29D2662300C1C8B4 /* LaunchScreen.storyboard */ = {
			isa = PBXVariantGroup;
			children = (
				7759602F29D2662300C1C8B4 /* Base */,
			);
			name = LaunchScreen.storyboard;
			sourceTree = "<group>";
		};
/* End PBXVariantGroup section */

/* Begin XCBuildConfiguration section */
		7759603229D2662300C1C8B4 /* Debug */ = {
			isa = XCBuildConfiguration;
			buildSettings = {
				ALWAYS_SEARCH_USER_PATHS = NO;
				CLANG_ANALYZER_NONNULL = YES;
				CLANG_ANALYZER_NUMBER_OBJECT_CONVERSION = YES_AGGRESSIVE;
				CLANG_CXX_LANGUAGE_STANDARD = "gnu++20";
				CLANG_ENABLE_MODULES = YES;
				CLANG_ENABLE_OBJC_ARC = YES;
				CLANG_ENABLE_OBJC_WEAK = YES;
				CLANG_WARN_BLOCK_CAPTURE_AUTORELEASING = YES;
				CLANG_WARN_BOOL_CONVERSION = YES;
				CLANG_WARN_COMMA = YES;
				CLANG_WARN_CONSTANT_CONVERSION = YES;
				CLANG_WARN_DEPRECATED_OBJC_IMPLEMENTATIONS = YES;
				CLANG_WARN_DIRECT_OBJC_ISA_USAGE = YES_ERROR;
				CLANG_WARN_DOCUMENTATION_COMMENTS = YES;
				CLANG_WARN_EMPTY_BODY = YES;
				CLANG_WARN_ENUM_CONVERSION = YES;
				CLANG_WARN_INFINITE_RECURSION = YES;
				CLANG_WARN_INT_CONVERSION = YES;
				CLANG_WARN_NON_LITERAL_NULL_CONVERSION = YES;
				CLANG_WARN_OBJC_IMPLICIT_RETAIN_SELF = YES;
				CLANG_WARN_OBJC_LITERAL_CONVERSION = YES;
				CLANG_WARN_OBJC_ROOT_CLASS = YES_ERROR;
				CLANG_WARN_QUOTED_INCLUDE_IN_FRAMEWORK_HEADER = YES;
				CLANG_WARN_RANGE_LOOP_ANALYSIS = YES;
				CLANG_WARN_STRICT_PROTOTYPES = YES;
				CLANG_WARN_SUSPICIOUS_MOVE = YES;
				CLANG_WARN_UNGUARDED_AVAILABILITY = YES_AGGRESSIVE;
				CLANG_WARN_UNREACHABLE_CODE = YES;
				CLANG_WARN__DUPLICATE_METHOD_MATCH = YES;
				COPY_PHASE_STRIP = NO;
				DEBUG_INFORMATION_FORMAT = dwarf;
				ENABLE_STRICT_OBJC_MSGSEND = YES;
				ENABLE_TESTABILITY = YES;
				GCC_C_LANGUAGE_STANDARD = gnu11;
				GCC_DYNAMIC_NO_PIC = NO;
				GCC_NO_COMMON_BLOCKS = YES;
				GCC_OPTIMIZATION_LEVEL = 0;
				GCC_PREPROCESSOR_DEFINITIONS = (
					"DEBUG=1",
					"$(inherited)",
				);
				GCC_WARN_64_TO_32_BIT_CONVERSION = YES;
				GCC_WARN_ABOUT_RETURN_TYPE = YES_ERROR;
				GCC_WARN_UNDECLARED_SELECTOR = YES;
				GCC_WARN_UNINITIALIZED_AUTOS = YES_AGGRESSIVE;
				GCC_WARN_UNUSED_FUNCTION = YES;
				GCC_WARN_UNUSED_VARIABLE = YES;
				IPHONEOS_DEPLOYMENT_TARGET = 16.2;
				MTL_ENABLE_DEBUG_INFO = INCLUDE_SOURCE;
				MTL_FAST_MATH = YES;
				ONLY_ACTIVE_ARCH = YES;
				SDKROOT = iphoneos;
				SWIFT_ACTIVE_COMPILATION_CONDITIONS = DEBUG;
				SWIFT_OPTIMIZATION_LEVEL = "-Onone";
			};
			name = Debug;
		};
		7759603329D2662300C1C8B4 /* Release */ = {
			isa = XCBuildConfiguration;
			buildSettings = {
				ALWAYS_SEARCH_USER_PATHS = NO;
				CLANG_ANALYZER_NONNULL = YES;
				CLANG_ANALYZER_NUMBER_OBJECT_CONVERSION = YES_AGGRESSIVE;
				CLANG_CXX_LANGUAGE_STANDARD = "gnu++20";
				CLANG_ENABLE_MODULES = YES;
				CLANG_ENABLE_OBJC_ARC = YES;
				CLANG_ENABLE_OBJC_WEAK = YES;
				CLANG_WARN_BLOCK_CAPTURE_AUTORELEASING = YES;
				CLANG_WARN_BOOL_CONVERSION = YES;
				CLANG_WARN_COMMA = YES;
				CLANG_WARN_CONSTANT_CONVERSION = YES;
				CLANG_WARN_DEPRECATED_OBJC_IMPLEMENTATIONS = YES;
				CLANG_WARN_DIRECT_OBJC_ISA_USAGE = YES_ERROR;
				CLANG_WARN_DOCUMENTATION_COMMENTS = YES;
				CLANG_WARN_EMPTY_BODY = YES;
				CLANG_WARN_ENUM_CONVERSION = YES;
				CLANG_WARN_INFINITE_RECURSION = YES;
				CLANG_WARN_INT_CONVERSION = YES;
				CLANG_WARN_NON_LITERAL_NULL_CONVERSION = YES;
				CLANG_WARN_OBJC_IMPLICIT_RETAIN_SELF = YES;
				CLANG_WARN_OBJC_LITERAL_CONVERSION = YES;
				CLANG_WARN_OBJC_ROOT_CLASS = YES_ERROR;
				CLANG_WARN_QUOTED_INCLUDE_IN_FRAMEWORK_HEADER = YES;
				CLANG_WARN_RANGE_LOOP_ANALYSIS = YES;
				CLANG_WARN_STRICT_PROTOTYPES = YES;
				CLANG_WARN_SUSPICIOUS_MOVE = YES;
				CLANG_WARN_UNGUARDED_AVAILABILITY = YES_AGGRESSIVE;
				CLANG_WARN_UNREACHABLE_CODE = YES;
				CLANG_WARN__DUPLICATE_METHOD_MATCH = YES;
				COPY_PHASE_STRIP = NO;
				DEBUG_INFORMATION_FORMAT = "dwarf-with-dsym";
				ENABLE_NS_ASSERTIONS = NO;
				ENABLE_STRICT_OBJC_MSGSEND = YES;
				GCC_C_LANGUAGE_STANDARD = gnu11;
				GCC_NO_COMMON_BLOCKS = YES;
				GCC_WARN_64_TO_32_BIT_CONVERSION = YES;
				GCC_WARN_ABOUT_RETURN_TYPE = YES_ERROR;
				GCC_WARN_UNDECLARED_SELECTOR = YES;
				GCC_WARN_UNINITIALIZED_AUTOS = YES_AGGRESSIVE;
				GCC_WARN_UNUSED_FUNCTION = YES;
				GCC_WARN_UNUSED_VARIABLE = YES;
				IPHONEOS_DEPLOYMENT_TARGET = 16.2;
				MTL_ENABLE_DEBUG_INFO = NO;
				MTL_FAST_MATH = YES;
				SDKROOT = iphoneos;
				SWIFT_COMPILATION_MODE = wholemodule;
				SWIFT_OPTIMIZATION_LEVEL = "-O";
				VALIDATE_PRODUCT = YES;
			};
			name = Release;
		};
		7759603529D2662300C1C8B4 /* Debug */ = {
			isa = XCBuildConfiguration;
			buildSettings = {
				ASSETCATALOG_COMPILER_APPICON_NAME = AppIcon;
				ASSETCATALOG_COMPILER_GLOBAL_ACCENT_COLOR_NAME = AccentColor;
				CODE_SIGN_STYLE = Automatic;
				CURRENT_PROJECT_VERSION = 1;
				GENERATE_INFOPLIST_FILE = YES;
				INFOPLIST_FILE = "msg-assignment/Info.plist";
				INFOPLIST_KEY_UIApplicationSupportsIndirectInputEvents = YES;
				INFOPLIST_KEY_UILaunchStoryboardName = LaunchScreen;
				INFOPLIST_KEY_UIMainStoryboardFile = Main;
				INFOPLIST_KEY_UISupportedInterfaceOrientations_iPad = "UIInterfaceOrientationPortrait UIInterfaceOrientationPortraitUpsideDown UIInterfaceOrientationLandscapeLeft UIInterfaceOrientationLandscapeRight";
				INFOPLIST_KEY_UISupportedInterfaceOrientations_iPhone = "UIInterfaceOrientationPortrait UIInterfaceOrientationLandscapeLeft UIInterfaceOrientationLandscapeRight";
				LD_RUNPATH_SEARCH_PATHS = (
					"$(inherited)",
					"@executable_path/Frameworks",
				);
				MARKETING_VERSION = 1.0;
				PRODUCT_BUNDLE_IDENTIFIER = "Minjae.msg-assignment";
				PRODUCT_NAME = "$(TARGET_NAME)";
				SWIFT_EMIT_LOC_STRINGS = YES;
				SWIFT_VERSION = 5.0;
				TARGETED_DEVICE_FAMILY = "1,2";
			};
			name = Debug;
		};
		7759603629D2662300C1C8B4 /* Release */ = {
			isa = XCBuildConfiguration;
			buildSettings = {
				ASSETCATALOG_COMPILER_APPICON_NAME = AppIcon;
				ASSETCATALOG_COMPILER_GLOBAL_ACCENT_COLOR_NAME = AccentColor;
				CODE_SIGN_STYLE = Automatic;
				CURRENT_PROJECT_VERSION = 1;
				GENERATE_INFOPLIST_FILE = YES;
				INFOPLIST_FILE = "msg-assignment/Info.plist";
				INFOPLIST_KEY_UIApplicationSupportsIndirectInputEvents = YES;
				INFOPLIST_KEY_UILaunchStoryboardName = LaunchScreen;
				INFOPLIST_KEY_UIMainStoryboardFile = Main;
				INFOPLIST_KEY_UISupportedInterfaceOrientations_iPad = "UIInterfaceOrientationPortrait UIInterfaceOrientationPortraitUpsideDown UIInterfaceOrientationLandscapeLeft UIInterfaceOrientationLandscapeRight";
				INFOPLIST_KEY_UISupportedInterfaceOrientations_iPhone = "UIInterfaceOrientationPortrait UIInterfaceOrientationLandscapeLeft UIInterfaceOrientationLandscapeRight";
				LD_RUNPATH_SEARCH_PATHS = (
					"$(inherited)",
					"@executable_path/Frameworks",
				);
				MARKETING_VERSION = 1.0;
				PRODUCT_BUNDLE_IDENTIFIER = "Minjae.msg-assignment";
				PRODUCT_NAME = "$(TARGET_NAME)";
				SWIFT_EMIT_LOC_STRINGS = YES;
				SWIFT_VERSION = 5.0;
				TARGETED_DEVICE_FAMILY = "1,2";
			};
			name = Release;
		};
/* End XCBuildConfiguration section */

/* Begin XCConfigurationList section */
		7759601B29D2662100C1C8B4 /* Build configuration list for PBXProject "msg-assignment" */ = {
			isa = XCConfigurationList;
			buildConfigurations = (
				7759603229D2662300C1C8B4 /* Debug */,
				7759603329D2662300C1C8B4 /* Release */,
			);
			defaultConfigurationIsVisible = 0;
			defaultConfigurationName = Release;
		};
		7759603429D2662300C1C8B4 /* Build configuration list for PBXNativeTarget "msg-assignment" */ = {
			isa = XCConfigurationList;
			buildConfigurations = (
				7759603529D2662300C1C8B4 /* Debug */,
				7759603629D2662300C1C8B4 /* Release */,
			);
			defaultConfigurationIsVisible = 0;
			defaultConfigurationName = Release;
		};
/* End XCConfigurationList section */

/* Begin XCRemoteSwiftPackageReference section */
		7759603A29D2AED000C1C8B4 /* XCRemoteSwiftPackageReference "RxSwift" */ = {
			isa = XCRemoteSwiftPackageReference;
			repositoryURL = "https://github.com/ReactiveX/RxSwift";
			requirement = {
				branch = main;
				kind = branch;
			};
		};
		7759603F29D2AEE000C1C8B4 /* XCRemoteSwiftPackageReference "SnapKit" */ = {
			isa = XCRemoteSwiftPackageReference;
			repositoryURL = "https://github.com/SnapKit/SnapKit";
			requirement = {
				branch = develop;
				kind = branch;
			};
		};
		7759604229D2AEF100C1C8B4 /* XCRemoteSwiftPackageReference "RxFlow" */ = {
			isa = XCRemoteSwiftPackageReference;
			repositoryURL = "https://github.com/RxSwiftCommunity/RxFlow";
			requirement = {
				branch = main;
				kind = branch;
			};
		};
		7759604529D2AF0100C1C8B4 /* XCRemoteSwiftPackageReference "Then" */ = {
			isa = XCRemoteSwiftPackageReference;
			repositoryURL = "https://github.com/devxoul/Then";
			requirement = {
				branch = master;
				kind = branch;
			};
		};
/* End XCRemoteSwiftPackageReference section */

/* Begin XCSwiftPackageProductDependency section */
		7759603B29D2AED000C1C8B4 /* RxCocoa */ = {
			isa = XCSwiftPackageProductDependency;
			package = 7759603A29D2AED000C1C8B4 /* XCRemoteSwiftPackageReference "RxSwift" */;
			productName = RxCocoa;
		};
		7759603D29D2AED000C1C8B4 /* RxSwift */ = {
			isa = XCSwiftPackageProductDependency;
			package = 7759603A29D2AED000C1C8B4 /* XCRemoteSwiftPackageReference "RxSwift" */;
			productName = RxSwift;
		};
		7759604029D2AEE000C1C8B4 /* SnapKit */ = {
			isa = XCSwiftPackageProductDependency;
			package = 7759603F29D2AEE000C1C8B4 /* XCRemoteSwiftPackageReference "SnapKit" */;
			productName = SnapKit;
		};
		7759604329D2AEF100C1C8B4 /* RxFlow */ = {
			isa = XCSwiftPackageProductDependency;
			package = 7759604229D2AEF100C1C8B4 /* XCRemoteSwiftPackageReference "RxFlow" */;
			productName = RxFlow;
		};
		7759604629D2AF0100C1C8B4 /* Then */ = {
			isa = XCSwiftPackageProductDependency;
			package = 7759604529D2AF0100C1C8B4 /* XCRemoteSwiftPackageReference "Then" */;
			productName = Then;
		};
/* End XCSwiftPackageProductDependency section */
	};
	rootObject = 7759601829D2662100C1C8B4 /* Project object */;
}
